{
  "name": "WebsiteGM",
  "requires": true,
  "lockfileVersion": 1,
  "dependencies": {
    "jquery": {
      "version": "3.3.1",
      "resolved": "https://registry.npmjs.org/jquery/-/jquery-3.3.1.tgz",
      "integrity": "sha512-Ubldcmxp5np52/ENotGxlLe6aGMvmF4R8S6tZjsP6Knsaxd/xp3Zrh50cG93lR6nPXyUFwzN3ZSOQI0wRJNdGg=="
    },
    "turbolinks": {
      "version": "5.1.1",
      "resolved": "https://registry.npmjs.org/turbolinks/-/turbolinks-5.1.1.tgz",
      "integrity": "sha512-Yhp3HH4Am4K8Qpm0XqEnbreZrCoYOWN6yx+r0fAY36JhAtiFJ3FPdwSt4Usph4duI1HMnB3z8F/LWy55Uf42Jg=="
    }
  }
}
