{
  "name": "WebsiteGM",
  "requires": true,
  "lockfileVersion": 1,
  "dependencies": {
    "jquery": {
      "version": "3.5.0",
      "resolved": "https://registry.npmjs.org/jquery/-/jquery-3.5.0.tgz",
      "integrity": "sha512-Xb7SVYMvygPxbFMpTFQiHh1J7HClEaThguL15N/Gg37Lri/qKyhRGZYzHRyLH8Stq3Aow0LsHO2O2ci86fCrNQ=="
    },
    "turbolinks": {
      "version": "5.1.1",
      "resolved": "https://registry.npmjs.org/turbolinks/-/turbolinks-5.1.1.tgz",
      "integrity": "sha512-Yhp3HH4Am4K8Qpm0XqEnbreZrCoYOWN6yx+r0fAY36JhAtiFJ3FPdwSt4Usph4duI1HMnB3z8F/LWy55Uf42Jg=="
    }
  }
}
